
Microsoft Visual Studio Solution File, Format Version 12.00
# Visual Studio Version 17
VisualStudioVersion = 17.1.32421.90
MinimumVisualStudioVersion = 10.0.40219.1
Project("{FAE04EC0-301F-11D3-BF4B-00C04F79EFBC}") = "ConfirmPlaylistDifficulty", "ConfirmPlaylistDifficulty\ConfirmPlaylistDifficulty.csproj", "{BAE92782-BB79-4A1C-B88A-160CEB05C8D4}"
EndProject
Global
	GlobalSection(SolutionConfigurationPlatforms) = preSolution
		Debug|Any CPU = Debug|Any CPU
		Release|Any CPU = Release|Any CPU
	EndGlobalSection
	GlobalSection(ProjectConfigurationPlatforms) = postSolution
		{BAE92782-BB79-4A1C-B88A-160CEB05C8D4}.Debug|Any CPU.ActiveCfg = Debug|Any CPU
		{BAE92782-BB79-4A1C-B88A-160CEB05C8D4}.Debug|Any CPU.Build.0 = Debug|Any CPU
		{BAE92782-BB79-4A1C-B88A-160CEB05C8D4}.Release|Any CPU.ActiveCfg = Release|Any CPU
		{BAE92782-BB79-4A1C-B88A-160CEB05C8D4}.Release|Any CPU.Build.0 = Release|Any CPU
	EndGlobalSection
	GlobalSection(SolutionProperties) = preSolution
		HideSolutionNode = FALSE
	EndGlobalSection
	GlobalSection(ExtensibilityGlobals) = postSolution
		SolutionGuid = {AF81F216-DEBD-4D57-98AB-750863B8F9E0}
	EndGlobalSection
EndGlobal
